// !$*UTF8*$!
{
	archiveVersion = 1;
	classes = {
	};
	objectVersion = 77;
	objects = {

/* Begin PBXBuildFile section */
		EC1B5BF62CCF793F003B2007 /* HorizonCalendar in Frameworks */ = {isa = PBXBuildFile; productRef = EC1B5BF52CCF793F003B2007 /* HorizonCalendar */; };
/* End PBXBuildFile section */

/* Begin PBXContainerItemProxy section */
		EC1B5ABA2CCDBFB9003B2007 /* PBXContainerItemProxy */ = {
			isa = PBXContainerItemProxy;
			containerPortal = EC1B5A9C2CCDBFB7003B2007 /* Project object */;
			proxyType = 1;
			remoteGlobalIDString = EC1B5AA32CCDBFB7003B2007;
			remoteInfo = "Spend Analyses";
		};
		EC1B5AC42CCDBFB9003B2007 /* PBXContainerItemProxy */ = {
			isa = PBXContainerItemProxy;
			containerPortal = EC1B5A9C2CCDBFB7003B2007 /* Project object */;
			proxyType = 1;
			remoteGlobalIDString = EC1B5AA32CCDBFB7003B2007;
			remoteInfo = "Spend Analyses";
		};
/* End PBXContainerItemProxy section */

/* Begin PBXFileReference section */
		EC1B5AA42CCDBFB7003B2007 /* Spend Analyses.app */ = {isa = PBXFileReference; explicitFileType = wrapper.application; includeInIndex = 0; path = "Spend Analyses.app"; sourceTree = BUILT_PRODUCTS_DIR; };
		EC1B5AB92CCDBFB9003B2007 /* Spend AnalysesTests.xctest */ = {isa = PBXFileReference; explicitFileType = wrapper.cfbundle; includeInIndex = 0; path = "Spend AnalysesTests.xctest"; sourceTree = BUILT_PRODUCTS_DIR; };
		EC1B5AC32CCDBFB9003B2007 /* Spend AnalysesUITests.xctest */ = {isa = PBXFileReference; explicitFileType = wrapper.cfbundle; includeInIndex = 0; path = "Spend AnalysesUITests.xctest"; sourceTree = BUILT_PRODUCTS_DIR; };
/* End PBXFileReference section */

/* Begin PBXFileSystemSynchronizedRootGroup section */
		EC1B5AA62CCDBFB7003B2007 /* Spend Analyses */ = {
			isa = PBXFileSystemSynchronizedRootGroup;
			path = "Spend Analyses";
			sourceTree = "<group>";
		};
		EC1B5ABC2CCDBFB9003B2007 /* Spend AnalysesTests */ = {
			isa = PBXFileSystemSynchronizedRootGroup;
			path = "Spend AnalysesTests";
			sourceTree = "<group>";
		};
		EC1B5AC62CCDBFB9003B2007 /* Spend AnalysesUITests */ = {
			isa = PBXFileSystemSynchronizedRootGroup;
			path = "Spend AnalysesUITests";
			sourceTree = "<group>";
		};
/* End PBXFileSystemSynchronizedRootGroup section */

/* Begin PBXFrameworksBuildPhase section */
		EC1B5AA12CCDBFB7003B2007 /* Frameworks */ = {
			isa = PBXFrameworksBuildPhase;
			buildActionMask = 2147483647;
			files = (
				EC1B5BF62CCF793F003B2007 /* HorizonCalendar in Frameworks */,
			);
			runOnlyForDeploymentPostprocessing = 0;
		};
		EC1B5AB62CCDBFB9003B2007 /* Frameworks */ = {
			isa = PBXFrameworksBuildPhase;
			buildActionMask = 2147483647;
			files = (
			);
			runOnlyForDeploymentPostprocessing = 0;
		};
		EC1B5AC02CCDBFB9003B2007 /* Frameworks */ = {
			isa = PBXFrameworksBuildPhase;
			buildActionMask = 2147483647;
			files = (
			);
			runOnlyForDeploymentPostprocessing = 0;
		};
/* End PBXFrameworksBuildPhase section */

/* Begin PBXGroup section */
		EC1B5A9B2CCDBFB7003B2007 = {
			isa = PBXGroup;
			children = (
				EC1B5AA62CCDBFB7003B2007 /* Spend Analyses */,
				EC1B5ABC2CCDBFB9003B2007 /* Spend AnalysesTests */,
				EC1B5AC62CCDBFB9003B2007 /* Spend AnalysesUITests */,
				EC1B5AA52CCDBFB7003B2007 /* Products */,
			);
			sourceTree = "<group>";
		};
		EC1B5AA52CCDBFB7003B2007 /* Products */ = {
			isa = PBXGroup;
			children = (
				EC1B5AA42CCDBFB7003B2007 /* Spend Analyses.app */,
				EC1B5AB92CCDBFB9003B2007 /* Spend AnalysesTests.xctest */,
				EC1B5AC32CCDBFB9003B2007 /* Spend AnalysesUITests.xctest */,
			);
			name = Products;
			sourceTree = "<group>";
		};
/* End PBXGroup section */

/* Begin PBXNativeTarget section */
		EC1B5AA32CCDBFB7003B2007 /* Spend Analyses */ = {
			isa = PBXNativeTarget;
			buildConfigurationList = EC1B5ACD2CCDBFB9003B2007 /* Build configuration list for PBXNativeTarget "Spend Analyses" */;
			buildPhases = (
				EC1B5AA02CCDBFB7003B2007 /* Sources */,
				EC1B5AA12CCDBFB7003B2007 /* Frameworks */,
				EC1B5AA22CCDBFB7003B2007 /* Resources */,
			);
			buildRules = (
			);
			dependencies = (
			);
			fileSystemSynchronizedGroups = (
				EC1B5AA62CCDBFB7003B2007 /* Spend Analyses */,
			);
			name = "Spend Analyses";
			packageProductDependencies = (
				EC1B5BF52CCF793F003B2007 /* HorizonCalendar */,
			);
			productName = "Spend Analyses";
			productReference = EC1B5AA42CCDBFB7003B2007 /* Spend Analyses.app */;
			productType = "com.apple.product-type.application";
		};
		EC1B5AB82CCDBFB9003B2007 /* Spend AnalysesTests */ = {
			isa = PBXNativeTarget;
			buildConfigurationList = EC1B5AD02CCDBFB9003B2007 /* Build configuration list for PBXNativeTarget "Spend AnalysesTests" */;
			buildPhases = (
				EC1B5AB52CCDBFB9003B2007 /* Sources */,
				EC1B5AB62CCDBFB9003B2007 /* Frameworks */,
				EC1B5AB72CCDBFB9003B2007 /* Resources */,
			);
			buildRules = (
			);
			dependencies = (
				EC1B5ABB2CCDBFB9003B2007 /* PBXTargetDependency */,
			);
			fileSystemSynchronizedGroups = (
				EC1B5ABC2CCDBFB9003B2007 /* Spend AnalysesTests */,
			);
			name = "Spend AnalysesTests";
			packageProductDependencies = (
			);
			productName = "Spend AnalysesTests";
			productReference = EC1B5AB92CCDBFB9003B2007 /* Spend AnalysesTests.xctest */;
			productType = "com.apple.product-type.bundle.unit-test";
		};
		EC1B5AC22CCDBFB9003B2007 /* Spend AnalysesUITests */ = {
			isa = PBXNativeTarget;
			buildConfigurationList = EC1B5AD32CCDBFB9003B2007 /* Build configuration list for PBXNativeTarget "Spend AnalysesUITests" */;
			buildPhases = (
				EC1B5ABF2CCDBFB9003B2007 /* Sources */,
				EC1B5AC02CCDBFB9003B2007 /* Frameworks */,
				EC1B5AC12CCDBFB9003B2007 /* Resources */,
			);
			buildRules = (
			);
			dependencies = (
				EC1B5AC52CCDBFB9003B2007 /* PBXTargetDependency */,
			);
			fileSystemSynchronizedGroups = (
				EC1B5AC62CCDBFB9003B2007 /* Spend AnalysesUITests */,
			);
			name = "Spend AnalysesUITests";
			packageProductDependencies = (
			);
			productName = "Spend AnalysesUITests";
			productReference = EC1B5AC32CCDBFB9003B2007 /* Spend AnalysesUITests.xctest */;
			productType = "com.apple.product-type.bundle.ui-testing";
		};
/* End PBXNativeTarget section */

/* Begin PBXProject section */
		EC1B5A9C2CCDBFB7003B2007 /* Project object */ = {
			isa = PBXProject;
			attributes = {
				BuildIndependentTargetsInParallel = 1;
				LastSwiftUpdateCheck = 1600;
				LastUpgradeCheck = 1600;
				TargetAttributes = {
					EC1B5AA32CCDBFB7003B2007 = {
						CreatedOnToolsVersion = 16.0;
					};
					EC1B5AB82CCDBFB9003B2007 = {
						CreatedOnToolsVersion = 16.0;
						TestTargetID = EC1B5AA32CCDBFB7003B2007;
					};
					EC1B5AC22CCDBFB9003B2007 = {
						CreatedOnToolsVersion = 16.0;
						TestTargetID = EC1B5AA32CCDBFB7003B2007;
					};
				};
			};
			buildConfigurationList = EC1B5A9F2CCDBFB7003B2007 /* Build configuration list for PBXProject "Spend Analyses" */;
			developmentRegion = en;
			hasScannedForEncodings = 0;
			knownRegions = (
				en,
				Base,
			);
			mainGroup = EC1B5A9B2CCDBFB7003B2007;
			minimizedProjectReferenceProxies = 1;
			packageReferences = (
				EC1B5BF42CCF793F003B2007 /* XCRemoteSwiftPackageReference "HorizonCalendar" */,
			);
			preferredProjectObjectVersion = 77;
			productRefGroup = EC1B5AA52CCDBFB7003B2007 /* Products */;
			projectDirPath = "";
			projectRoot = "";
			targets = (
				EC1B5AA32CCDBFB7003B2007 /* Spend Analyses */,
				EC1B5AB82CCDBFB9003B2007 /* Spend AnalysesTests */,
				EC1B5AC22CCDBFB9003B2007 /* Spend AnalysesUITests */,
			);
		};
/* End PBXProject section */

/* Begin PBXResourcesBuildPhase section */
		EC1B5AA22CCDBFB7003B2007 /* Resources */ = {
			isa = PBXResourcesBuildPhase;
			buildActionMask = 2147483647;
			files = (
			);
			runOnlyForDeploymentPostprocessing = 0;
		};
		EC1B5AB72CCDBFB9003B2007 /* Resources */ = {
			isa = PBXResourcesBuildPhase;
			buildActionMask = 2147483647;
			files = (
			);
			runOnlyForDeploymentPostprocessing = 0;
		};
		EC1B5AC12CCDBFB9003B2007 /* Resources */ = {
			isa = PBXResourcesBuildPhase;
			buildActionMask = 2147483647;
			files = (
			);
			runOnlyForDeploymentPostprocessing = 0;
		};
/* End PBXResourcesBuildPhase section */

/* Begin PBXSourcesBuildPhase section */
		EC1B5AA02CCDBFB7003B2007 /* Sources */ = {
			isa = PBXSourcesBuildPhase;
			buildActionMask = 2147483647;
			files = (
			);
			runOnlyForDeploymentPostprocessing = 0;
		};
		EC1B5AB52CCDBFB9003B2007 /* Sources */ = {
			isa = PBXSourcesBuildPhase;
			buildActionMask = 2147483647;
			files = (
			);
			runOnlyForDeploymentPostprocessing = 0;
		};
		EC1B5ABF2CCDBFB9003B2007 /* Sources */ = {
			isa = PBXSourcesBuildPhase;
			buildActionMask = 2147483647;
			files = (
			);
			runOnlyForDeploymentPostprocessing = 0;
		};
/* End PBXSourcesBuildPhase section */

/* Begin PBXTargetDependency section */
		EC1B5ABB2CCDBFB9003B2007 /* PBXTargetDependency */ = {
			isa = PBXTargetDependency;
			target = EC1B5AA32CCDBFB7003B2007 /* Spend Analyses */;
			targetProxy = EC1B5ABA2CCDBFB9003B2007 /* PBXContainerItemProxy */;
		};
		EC1B5AC52CCDBFB9003B2007 /* PBXTargetDependency */ = {
			isa = PBXTargetDependency;
			target = EC1B5AA32CCDBFB7003B2007 /* Spend Analyses */;
			targetProxy = EC1B5AC42CCDBFB9003B2007 /* PBXContainerItemProxy */;
		};
/* End PBXTargetDependency section */

/* Begin XCBuildConfiguration section */
		EC1B5ACB2CCDBFB9003B2007 /* Debug */ = {
			isa = XCBuildConfiguration;
			buildSettings = {
				ALWAYS_SEARCH_USER_PATHS = NO;
				ASSETCATALOG_COMPILER_GENERATE_SWIFT_ASSET_SYMBOL_EXTENSIONS = YES;
				CLANG_ANALYZER_NONNULL = YES;
				CLANG_ANALYZER_NUMBER_OBJECT_CONVERSION = YES_AGGRESSIVE;
				CLANG_CXX_LANGUAGE_STANDARD = "gnu++20";
				CLANG_ENABLE_MODULES = YES;
				CLANG_ENABLE_OBJC_ARC = YES;
				CLANG_ENABLE_OBJC_WEAK = YES;
				CLANG_WARN_BLOCK_CAPTURE_AUTORELEASING = YES;
				CLANG_WARN_BOOL_CONVERSION = YES;
				CLANG_WARN_COMMA = YES;
				CLANG_WARN_CONSTANT_CONVERSION = YES;
				CLANG_WARN_DEPRECATED_OBJC_IMPLEMENTATIONS = YES;
				CLANG_WARN_DIRECT_OBJC_ISA_USAGE = YES_ERROR;
				CLANG_WARN_DOCUMENTATION_COMMENTS = YES;
				CLANG_WARN_EMPTY_BODY = YES;
				CLANG_WARN_ENUM_CONVERSION = YES;
				CLANG_WARN_INFINITE_RECURSION = YES;
				CLANG_WARN_INT_CONVERSION = YES;
				CLANG_WARN_NON_LITERAL_NULL_CONVERSION = YES;
				CLANG_WARN_OBJC_IMPLICIT_RETAIN_SELF = YES;
				CLANG_WARN_OBJC_LITERAL_CONVERSION = YES;
				CLANG_WARN_OBJC_ROOT_CLASS = YES_ERROR;
				CLANG_WARN_QUOTED_INCLUDE_IN_FRAMEWORK_HEADER = YES;
				CLANG_WARN_RANGE_LOOP_ANALYSIS = YES;
				CLANG_WARN_STRICT_PROTOTYPES = YES;
				CLANG_WARN_SUSPICIOUS_MOVE = YES;
				CLANG_WARN_UNGUARDED_AVAILABILITY = YES_AGGRESSIVE;
				CLANG_WARN_UNREACHABLE_CODE = YES;
				CLANG_WARN__DUPLICATE_METHOD_MATCH = YES;
				COPY_PHASE_STRIP = NO;
				DEBUG_INFORMATION_FORMAT = dwarf;
				ENABLE_STRICT_OBJC_MSGSEND = YES;
				ENABLE_TESTABILITY = YES;
				ENABLE_USER_SCRIPT_SANDBOXING = YES;
				GCC_C_LANGUAGE_STANDARD = gnu17;
				GCC_DYNAMIC_NO_PIC = NO;
				GCC_NO_COMMON_BLOCKS = YES;
				GCC_OPTIMIZATION_LEVEL = 0;
				GCC_PREPROCESSOR_DEFINITIONS = (
					"DEBUG=1",
					"$(inherited)",
				);
				GCC_WARN_64_TO_32_BIT_CONVERSION = YES;
				GCC_WARN_ABOUT_RETURN_TYPE = YES_ERROR;
				GCC_WARN_UNDECLARED_SELECTOR = YES;
				GCC_WARN_UNINITIALIZED_AUTOS = YES_AGGRESSIVE;
				GCC_WARN_UNUSED_FUNCTION = YES;
				GCC_WARN_UNUSED_VARIABLE = YES;
				IPHONEOS_DEPLOYMENT_TARGET = 18.0;
				LOCALIZATION_PREFERS_STRING_CATALOGS = YES;
				MTL_ENABLE_DEBUG_INFO = INCLUDE_SOURCE;
				MTL_FAST_MATH = YES;
				ONLY_ACTIVE_ARCH = YES;
				SDKROOT = iphoneos;
				SWIFT_ACTIVE_COMPILATION_CONDITIONS = "DEBUG $(inherited)";
				SWIFT_OPTIMIZATION_LEVEL = "-Onone";
			};
			name = Debug;
		};
		EC1B5ACC2CCDBFB9003B2007 /* Release */ = {
			isa = XCBuildConfiguration;
			buildSettings = {
				ALWAYS_SEARCH_USER_PATHS = NO;
				ASSETCATALOG_COMPILER_GENERATE_SWIFT_ASSET_SYMBOL_EXTENSIONS = YES;
				CLANG_ANALYZER_NONNULL = YES;
				CLANG_ANALYZER_NUMBER_OBJECT_CONVERSION = YES_AGGRESSIVE;
				CLANG_CXX_LANGUAGE_STANDARD = "gnu++20";
				CLANG_ENABLE_MODULES = YES;
				CLANG_ENABLE_OBJC_ARC = YES;
				CLANG_ENABLE_OBJC_WEAK = YES;
				CLANG_WARN_BLOCK_CAPTURE_AUTORELEASING = YES;
				CLANG_WARN_BOOL_CONVERSION = YES;
				CLANG_WARN_COMMA = YES;
				CLANG_WARN_CONSTANT_CONVERSION = YES;
				CLANG_WARN_DEPRECATED_OBJC_IMPLEMENTATIONS = YES;
				CLANG_WARN_DIRECT_OBJC_ISA_USAGE = YES_ERROR;
				CLANG_WARN_DOCUMENTATION_COMMENTS = YES;
				CLANG_WARN_EMPTY_BODY = YES;
				CLANG_WARN_ENUM_CONVERSION = YES;
				CLANG_WARN_INFINITE_RECURSION = YES;
				CLANG_WARN_INT_CONVERSION = YES;
				CLANG_WARN_NON_LITERAL_NULL_CONVERSION = YES;
				CLANG_WARN_OBJC_IMPLICIT_RETAIN_SELF = YES;
				CLANG_WARN_OBJC_LITERAL_CONVERSION = YES;
				CLANG_WARN_OBJC_ROOT_CLASS = YES_ERROR;
				CLANG_WARN_QUOTED_INCLUDE_IN_FRAMEWORK_HEADER = YES;
				CLANG_WARN_RANGE_LOOP_ANALYSIS = YES;
				CLANG_WARN_STRICT_PROTOTYPES = YES;
				CLANG_WARN_SUSPICIOUS_MOVE = YES;
				CLANG_WARN_UNGUARDED_AVAILABILITY = YES_AGGRESSIVE;
				CLANG_WARN_UNREACHABLE_CODE = YES;
				CLANG_WARN__DUPLICATE_METHOD_MATCH = YES;
				COPY_PHASE_STRIP = NO;
				DEBUG_INFORMATION_FORMAT = "dwarf-with-dsym";
				ENABLE_NS_ASSERTIONS = NO;
				ENABLE_STRICT_OBJC_MSGSEND = YES;
				ENABLE_USER_SCRIPT_SANDBOXING = YES;
				GCC_C_LANGUAGE_STANDARD = gnu17;
				GCC_NO_COMMON_BLOCKS = YES;
				GCC_WARN_64_TO_32_BIT_CONVERSION = YES;
				GCC_WARN_ABOUT_RETURN_TYPE = YES_ERROR;
				GCC_WARN_UNDECLARED_SELECTOR = YES;
				GCC_WARN_UNINITIALIZED_AUTOS = YES_AGGRESSIVE;
				GCC_WARN_UNUSED_FUNCTION = YES;
				GCC_WARN_UNUSED_VARIABLE = YES;
				IPHONEOS_DEPLOYMENT_TARGET = 18.0;
				LOCALIZATION_PREFERS_STRING_CATALOGS = YES;
				MTL_ENABLE_DEBUG_INFO = NO;
				MTL_FAST_MATH = YES;
				SDKROOT = iphoneos;
				SWIFT_COMPILATION_MODE = wholemodule;
				VALIDATE_PRODUCT = YES;
			};
			name = Release;
		};
		EC1B5ACE2CCDBFB9003B2007 /* Debug */ = {
			isa = XCBuildConfiguration;
			buildSettings = {
				ASSETCATALOG_COMPILER_APPICON_NAME = AppIcon;
				ASSETCATALOG_COMPILER_GLOBAL_ACCENT_COLOR_NAME = AccentColor;
				CODE_SIGN_STYLE = Automatic;
				CURRENT_PROJECT_VERSION = 1;
				DEVELOPMENT_ASSET_PATHS = "\"Spend Analyses/Preview Content\"";
				ENABLE_PREVIEWS = YES;
				GENERATE_INFOPLIST_FILE = YES;
				INFOPLIST_KEY_UIApplicationSceneManifest_Generation = YES;
				INFOPLIST_KEY_UIApplicationSupportsIndirectInputEvents = YES;
				INFOPLIST_KEY_UILaunchScreen_Generation = YES;
				INFOPLIST_KEY_UISupportedInterfaceOrientations_iPad = "UIInterfaceOrientationPortrait UIInterfaceOrientationPortraitUpsideDown UIInterfaceOrientationLandscapeLeft UIInterfaceOrientationLandscapeRight";
				INFOPLIST_KEY_UISupportedInterfaceOrientations_iPhone = "UIInterfaceOrientationPortrait UIInterfaceOrientationLandscapeLeft UIInterfaceOrientationLandscapeRight";
				LD_RUNPATH_SEARCH_PATHS = (
					"$(inherited)",
					"@executable_path/Frameworks",
				);
				MARKETING_VERSION = 1.0;
				PRODUCT_BUNDLE_IDENTIFIER = "Self.Spend-Analyses";
				PRODUCT_NAME = "$(TARGET_NAME)";
				SWIFT_EMIT_LOC_STRINGS = YES;
				SWIFT_VERSION = 5.0;
				TARGETED_DEVICE_FAMILY = "1,2";
			};
			name = Debug;
		};
		EC1B5ACF2CCDBFB9003B2007 /* Release */ = {
			isa = XCBuildConfiguration;
			buildSettings = {
				ASSETCATALOG_COMPILER_APPICON_NAME = AppIcon;
				ASSETCATALOG_COMPILER_GLOBAL_ACCENT_COLOR_NAME = AccentColor;
				CODE_SIGN_STYLE = Automatic;
				CURRENT_PROJECT_VERSION = 1;
				DEVELOPMENT_ASSET_PATHS = "\"Spend Analyses/Preview Content\"";
				ENABLE_PREVIEWS = YES;
				GENERATE_INFOPLIST_FILE = YES;
				INFOPLIST_KEY_UIApplicationSceneManifest_Generation = YES;
				INFOPLIST_KEY_UIApplicationSupportsIndirectInputEvents = YES;
				INFOPLIST_KEY_UILaunchScreen_Generation = YES;
				INFOPLIST_KEY_UISupportedInterfaceOrientations_iPad = "UIInterfaceOrientationPortrait UIInterfaceOrientationPortraitUpsideDown UIInterfaceOrientationLandscapeLeft UIInterfaceOrientationLandscapeRight";
				INFOPLIST_KEY_UISupportedInterfaceOrientations_iPhone = "UIInterfaceOrientationPortrait UIInterfaceOrientationLandscapeLeft UIInterfaceOrientationLandscapeRight";
				LD_RUNPATH_SEARCH_PATHS = (
					"$(inherited)",
					"@executable_path/Frameworks",
				);
				MARKETING_VERSION = 1.0;
				PRODUCT_BUNDLE_IDENTIFIER = "Self.Spend-Analyses";
				PRODUCT_NAME = "$(TARGET_NAME)";
				SWIFT_EMIT_LOC_STRINGS = YES;
				SWIFT_VERSION = 5.0;
				TARGETED_DEVICE_FAMILY = "1,2";
			};
			name = Release;
		};
		EC1B5AD12CCDBFB9003B2007 /* Debug */ = {
			isa = XCBuildConfiguration;
			buildSettings = {
				BUNDLE_LOADER = "$(TEST_HOST)";
				CODE_SIGN_STYLE = Automatic;
				CURRENT_PROJECT_VERSION = 1;
				GENERATE_INFOPLIST_FILE = YES;
				IPHONEOS_DEPLOYMENT_TARGET = 18.0;
				MARKETING_VERSION = 1.0;
				PRODUCT_BUNDLE_IDENTIFIER = "Self.Spend-AnalysesTests";
				PRODUCT_NAME = "$(TARGET_NAME)";
				SWIFT_EMIT_LOC_STRINGS = NO;
				SWIFT_VERSION = 5.0;
				TARGETED_DEVICE_FAMILY = "1,2";
				TEST_HOST = "$(BUILT_PRODUCTS_DIR)/Spend Analyses.app/$(BUNDLE_EXECUTABLE_FOLDER_PATH)/Spend Analyses";
			};
			name = Debug;
		};
		EC1B5AD22CCDBFB9003B2007 /* Release */ = {
			isa = XCBuildConfiguration;
			buildSettings = {
				BUNDLE_LOADER = "$(TEST_HOST)";
				CODE_SIGN_STYLE = Automatic;
				CURRENT_PROJECT_VERSION = 1;
				GENERATE_INFOPLIST_FILE = YES;
				IPHONEOS_DEPLOYMENT_TARGET = 18.0;
				MARKETING_VERSION = 1.0;
				PRODUCT_BUNDLE_IDENTIFIER = "Self.Spend-AnalysesTests";
				PRODUCT_NAME = "$(TARGET_NAME)";
				SWIFT_EMIT_LOC_STRINGS = NO;
				SWIFT_VERSION = 5.0;
				TARGETED_DEVICE_FAMILY = "1,2";
				TEST_HOST = "$(BUILT_PRODUCTS_DIR)/Spend Analyses.app/$(BUNDLE_EXECUTABLE_FOLDER_PATH)/Spend Analyses";
			};
			name = Release;
		};
		EC1B5AD42CCDBFB9003B2007 /* Debug */ = {
			isa = XCBuildConfiguration;
			buildSettings = {
				CODE_SIGN_STYLE = Automatic;
				CURRENT_PROJECT_VERSION = 1;
				GENERATE_INFOPLIST_FILE = YES;
				MARKETING_VERSION = 1.0;
				PRODUCT_BUNDLE_IDENTIFIER = "Self.Spend-AnalysesUITests";
				PRODUCT_NAME = "$(TARGET_NAME)";
				SWIFT_EMIT_LOC_STRINGS = NO;
				SWIFT_VERSION = 5.0;
				TARGETED_DEVICE_FAMILY = "1,2";
				TEST_TARGET_NAME = "Spend Analyses";
			};
			name = Debug;
		};
		EC1B5AD52CCDBFB9003B2007 /* Release */ = {
			isa = XCBuildConfiguration;
			buildSettings = {
				CODE_SIGN_STYLE = Automatic;
				CURRENT_PROJECT_VERSION = 1;
				GENERATE_INFOPLIST_FILE = YES;
				MARKETING_VERSION = 1.0;
				PRODUCT_BUNDLE_IDENTIFIER = "Self.Spend-AnalysesUITests";
				PRODUCT_NAME = "$(TARGET_NAME)";
				SWIFT_EMIT_LOC_STRINGS = NO;
				SWIFT_VERSION = 5.0;
				TARGETED_DEVICE_FAMILY = "1,2";
				TEST_TARGET_NAME = "Spend Analyses";
			};
			name = Release;
		};
/* End XCBuildConfiguration section */

/* Begin XCConfigurationList section */
		EC1B5A9F2CCDBFB7003B2007 /* Build configuration list for PBXProject "Spend Analyses" */ = {
			isa = XCConfigurationList;
			buildConfigurations = (
				EC1B5ACB2CCDBFB9003B2007 /* Debug */,
				EC1B5ACC2CCDBFB9003B2007 /* Release */,
			);
			defaultConfigurationIsVisible = 0;
			defaultConfigurationName = Release;
		};
		EC1B5ACD2CCDBFB9003B2007 /* Build configuration list for PBXNativeTarget "Spend Analyses" */ = {
			isa = XCConfigurationList;
			buildConfigurations = (
				EC1B5ACE2CCDBFB9003B2007 /* Debug */,
				EC1B5ACF2CCDBFB9003B2007 /* Release */,
			);
			defaultConfigurationIsVisible = 0;
			defaultConfigurationName = Release;
		};
		EC1B5AD02CCDBFB9003B2007 /* Build configuration list for PBXNativeTarget "Spend AnalysesTests" */ = {
			isa = XCConfigurationList;
			buildConfigurations = (
				EC1B5AD12CCDBFB9003B2007 /* Debug */,
				EC1B5AD22CCDBFB9003B2007 /* Release */,
			);
			defaultConfigurationIsVisible = 0;
			defaultConfigurationName = Release;
		};
		EC1B5AD32CCDBFB9003B2007 /* Build configuration list for PBXNativeTarget "Spend AnalysesUITests" */ = {
			isa = XCConfigurationList;
			buildConfigurations = (
				EC1B5AD42CCDBFB9003B2007 /* Debug */,
				EC1B5AD52CCDBFB9003B2007 /* Release */,
			);
			defaultConfigurationIsVisible = 0;
			defaultConfigurationName = Release;
		};
/* End XCConfigurationList section */

/* Begin XCRemoteSwiftPackageReference section */
		EC1B5BF42CCF793F003B2007 /* XCRemoteSwiftPackageReference "HorizonCalendar" */ = {
			isa = XCRemoteSwiftPackageReference;
			repositoryURL = "https://github.com/airbnb/HorizonCalendar";
			requirement = {
				branch = master;
				kind = branch;
			};
		};
/* End XCRemoteSwiftPackageReference section */

/* Begin XCSwiftPackageProductDependency section */
		EC1B5BF52CCF793F003B2007 /* HorizonCalendar */ = {
			isa = XCSwiftPackageProductDependency;
			package = EC1B5BF42CCF793F003B2007 /* XCRemoteSwiftPackageReference "HorizonCalendar" */;
			productName = HorizonCalendar;
		};
/* End XCSwiftPackageProductDependency section */
	};
	rootObject = EC1B5A9C2CCDBFB7003B2007 /* Project object */;
}
